
Microsoft Visual Studio Solution File, Format Version 12.00
# Visual Studio Version 17
VisualStudioVersion = 17.14.36109.1 d17.14
MinimumVisualStudioVersion = 10.0.40219.1
Project("{FAE04EC0-301F-11D3-BF4B-00C04F79EFBC}") = "ClinicManagementSystem", "ClinicManagementSystem\ClinicManagementSystem.csproj", "{DA6E67D3-313F-4C6F-93FA-F9738A583BB5}"
EndProject
Global
	GlobalSection(SolutionConfigurationPlatforms) = preSolution
		Debug|Any CPU = Debug|Any CPU
		Release|Any CPU = Release|Any CPU
	EndGlobalSection
	GlobalSection(ProjectConfigurationPlatforms) = postSolution
		{DA6E67D3-313F-4C6F-93FA-F9738A583BB5}.Debug|Any CPU.ActiveCfg = Debug|Any CPU
		{DA6E67D3-313F-4C6F-93FA-F9738A583BB5}.Debug|Any CPU.Build.0 = Debug|Any CPU
		{DA6E67D3-313F-4C6F-93FA-F9738A583BB5}.Release|Any CPU.ActiveCfg = Release|Any CPU
		{DA6E67D3-313F-4C6F-93FA-F9738A583BB5}.Release|Any CPU.Build.0 = Release|Any CPU
	EndGlobalSection
	GlobalSection(SolutionProperties) = preSolution
		HideSolutionNode = FALSE
	EndGlobalSection
	GlobalSection(ExtensibilityGlobals) = postSolution
		SolutionGuid = {7BE3FF1C-9191-471A-AB53-317DDC498E47}
	EndGlobalSection
EndGlobal
